
Microsoft Visual Studio Solution File, Format Version 12.00
# Visual Studio Version 16
VisualStudioVersion = 16.0.30320.27
MinimumVisualStudioVersion = 10.0.40219.1
Project("{8BC9CEB8-8B4A-11D0-8D11-00A0C91BC942}") = "Easy Peasy Quest", "Easy Peasy Quest\Easy Peasy Quest.vcxproj", "{F873F6D1-EE9D-4043-BA0C-2D2C8A01E809}"
EndProject
Project("{2150E333-8FDC-42A3-9474-1A3956D46DE8}") = "Solution Items", "Solution Items", "{4AF1C2B5-9AF3-4F89-976A-1E54691AFAB8}"
	ProjectSection(SolutionItems) = preProject
		.gitignore = .gitignore
		README.md = README.md
	EndProjectSection
EndProject
Global
	GlobalSection(SolutionConfigurationPlatforms) = preSolution
		Debug|x64 = Debug|x64
		Debug|x86 = Debug|x86
		Release|x64 = Release|x64
		Release|x86 = Release|x86
	EndGlobalSection
	GlobalSection(ProjectConfigurationPlatforms) = postSolution
		{F873F6D1-EE9D-4043-BA0C-2D2C8A01E809}.Debug|x64.ActiveCfg = Debug|x64
		{F873F6D1-EE9D-4043-BA0C-2D2C8A01E809}.Debug|x64.Build.0 = Debug|x64
		{F873F6D1-EE9D-4043-BA0C-2D2C8A01E809}.Debug|x86.ActiveCfg = Debug|Win32
		{F873F6D1-EE9D-4043-BA0C-2D2C8A01E809}.Debug|x86.Build.0 = Debug|Win32
		{F873F6D1-EE9D-4043-BA0C-2D2C8A01E809}.Release|x64.ActiveCfg = Release|x64
		{F873F6D1-EE9D-4043-BA0C-2D2C8A01E809}.Release|x64.Build.0 = Release|x64
		{F873F6D1-EE9D-4043-BA0C-2D2C8A01E809}.Release|x86.ActiveCfg = Release|Win32
		{F873F6D1-EE9D-4043-BA0C-2D2C8A01E809}.Release|x86.Build.0 = Release|Win32
	EndGlobalSection
	GlobalSection(SolutionProperties) = preSolution
		HideSolutionNode = FALSE
	EndGlobalSection
	GlobalSection(ExtensibilityGlobals) = postSolution
		SolutionGuid = {95038947-BF3F-42D7-B14E-7D81D3A5C974}
	EndGlobalSection
EndGlobal
